
Microsoft Visual Studio Solution File, Format Version 12.00
# Visual Studio 15
VisualStudioVersion = 15.0.28010.2016
MinimumVisualStudioVersion = 10.0.40219.1
Project("{9A19103F-16F7-4668-BE54-9A1E7A4F7556}") = "Employee_Works", "LawtonEmployee\Employee_Works.csproj", "{748A59E8-73B7-4253-BF75-47913C8ACC02}"
EndProject
Global
	GlobalSection(SolutionConfigurationPlatforms) = preSolution
		Debug|Any CPU = Debug|Any CPU
		Release|Any CPU = Release|Any CPU
	EndGlobalSection
	GlobalSection(ProjectConfigurationPlatforms) = postSolution
		{748A59E8-73B7-4253-BF75-47913C8ACC02}.Debug|Any CPU.ActiveCfg = Debug|Any CPU
		{748A59E8-73B7-4253-BF75-47913C8ACC02}.Debug|Any CPU.Build.0 = Debug|Any CPU
		{748A59E8-73B7-4253-BF75-47913C8ACC02}.Release|Any CPU.ActiveCfg = Release|Any CPU
		{748A59E8-73B7-4253-BF75-47913C8ACC02}.Release|Any CPU.Build.0 = Release|Any CPU
	EndGlobalSection
	GlobalSection(SolutionProperties) = preSolution
		HideSolutionNode = FALSE
	EndGlobalSection
	GlobalSection(ExtensibilityGlobals) = postSolution
		SolutionGuid = {E670C01E-C350-4500-B9CE-330607D6E06A}
	EndGlobalSection
EndGlobal
